{
  "name": "my-npm-project",
  "version": "1.0.0",
  "lockfileVersion": 2,
  "requires": true,
  "packages": {
    "": {
      "name": "my-npm-project",
      "version": "1.0.0",
      "license": "ISC",
      "dependencies": {
        "ascii-text-generator": "^1.0.5"
      }
    },
    "node_modules/ascii-text-generator": {
      "version": "1.0.5",
      "resolved": "https://registry.npmjs.org/ascii-text-generator/-/ascii-text-generator-1.0.5.tgz",
      "integrity": "sha512-7v4OVcL5j42unrXsIPfgwwmsSBgocDaNwlVo1J0dvnYQvuCbM+XuefoApq405iBtp/Xc1t1dxETqh9uiiaFUjA=="
    }
  },
  "dependencies": {
    "ascii-text-generator": {
      "version": "1.0.5",
      "resolved": "https://registry.npmjs.org/ascii-text-generator/-/ascii-text-generator-1.0.5.tgz",
      "integrity": "sha512-7v4OVcL5j42unrXsIPfgwwmsSBgocDaNwlVo1J0dvnYQvuCbM+XuefoApq405iBtp/Xc1t1dxETqh9uiiaFUjA=="
    }
  }
}
